lockfileVersion: '9.0'

settings:
  autoInstallPeers: true
  excludeLinksFromLockfile: false

importers:

  .:
    dependencies:
      '@angular/cdk':
        specifier: ^21.2.2
        version: 21.2.2(@angular/common@21.2.4(@angular/core@21.2.4(rxjs@7.8.2))(rxjs@7.8.2))(@angular/core@21.2.4(rxjs@7.8.2))(@angular/platform-browser@21.2.4(@angular/common@21.2.4(@angular/core@21.2.4(rxjs@7.8.2))(rxjs@7.8.2))(@angular/core@21.2.4(rxjs@7.8.2)))(rxjs@7.8.2)
      '@angular/material':
        specifier: ^21.2.2
        version: 21.2.2(@angular/cdk@21.2.2(@angular/common@21.2.4(@angular/core@21.2.4(rxjs@7.8.2))(rxjs@7.8.2))(@angular/core@21.2.4(rxjs@7.8.2))(@angular/platform-browser@21.2.4(@angular/common@21.2.4(@angular/core@21.2.4(rxjs@7.8.2))(rxjs@7.8.2))(@angular/core@21.2.4(rxjs@7.8.2)))(rxjs@7.8.2))(@angular/common@21.2.4(@angular/core@21.2.4(rxjs@7.8.2))(rxjs@7.8.2))(@angular/core@21.2.4(rxjs@7.8.2))(@angular/forms@21.2.4(@angular/common@21.2.4(@angular/core@21.2.4(rxjs@7.8.2))(rxjs@7.8.2))(@angular/core@21.2.4(rxjs@7.8.2))(@angular/platform-browser@21.2.4(@angular/common@21.2.4(@angular/core@21.2.4(rxjs@7.8.2))(rxjs@7.8.2))(@angular/core@21.2.4(rxjs@7.8.2)))(rxjs@7.8.2))(@angular/platform-browser@21.2.4(@angular/common@21.2.4(@angular/core@21.2.4(rxjs@7.8.2))(rxjs@7.8.2))(@angular/core@21.2.4(rxjs@7.8.2)))(rxjs@7.8.2)

packages:

  '@angular/cdk@21.2.2':
    resolution: {integrity: sha512-9AsZkwqy07No7+0qPydcJfXB6SpA9qLDBanoesNj5KsiZJ62PJH3oIjVyNeQEEe1HQWmSwBnhwN12OPLNMUlnw==}
    peerDependencies:
      '@angular/common': ^21.0.0 || ^22.0.0
      '@angular/core': ^21.0.0 || ^22.0.0
      '@angular/platform-browser': ^21.0.0 || ^22.0.0
      rxjs: ^6.5.3 || ^7.4.0

  '@angular/common@21.2.4':
    resolution: {integrity: sha512-NrP6qOuUpo3fqq14UJ1b2bIRtWsfvxh1qLqOyFV4gfBrHhXd0XffU1LUlUw1qp4w1uBSgPJ0/N5bSPUWrAguVg==}
    engines: {node: ^20.19.0 || ^22.12.0 || >=24.0.0}
    peerDependencies:
      '@angular/core': 21.2.4
      rxjs: ^6.5.3 || ^7.4.0

  '@angular/core@21.2.4':
    resolution: {integrity: sha512-2+gd67ZuXHpGOqeb2o7XZPueEWEP81eJza2tSHkT5QMV8lnYllDEmaNnkPxnIjSLGP1O3PmiXxo4z8ibHkLZwg==}
    engines: {node: ^20.19.0 || ^22.12.0 || >=24.0.0}
    peerDependencies:
      '@angular/compiler': 21.2.4
      rxjs: ^6.5.3 || ^7.4.0
      zone.js: ~0.15.0 || ~0.16.0
    peerDependenciesMeta:
      '@angular/compiler':
        optional: true
      zone.js:
        optional: true

  '@angular/forms@21.2.4':
    resolution: {integrity: sha512-1fOhctA9ADEBYjI3nPQUR5dHsK2+UWAjup37Ksldk/k0w8UpD5YsN7JVNvsDMZRFMucKYcGykPblU7pABtsqnQ==}
    engines: {node: ^20.19.0 || ^22.12.0 || >=24.0.0}
    peerDependencies:
      '@angular/common': 21.2.4
      '@angular/core': 21.2.4
      '@angular/platform-browser': 21.2.4
      rxjs: ^6.5.3 || ^7.4.0

  '@angular/material@21.2.2':
    resolution: {integrity: sha512-yY7kdmltNd28Tw8bHvoSFuoO8jMJSicSU9gB9r4jSLHPWAI9Y3V2qvLEimfPLRmzEaWwSoqKda95k/646lgg6A==}
    peerDependencies:
      '@angular/cdk': 21.2.2
      '@angular/common': ^21.0.0 || ^22.0.0
      '@angular/core': ^21.0.0 || ^22.0.0
      '@angular/forms': ^21.0.0 || ^22.0.0
      '@angular/platform-browser': ^21.0.0 || ^22.0.0
      rxjs: ^6.5.3 || ^7.4.0

  '@angular/platform-browser@21.2.4':
    resolution: {integrity: sha512-1A9e/cQVu+3BkRCktLcO3RZGuw8NOTHw1frUUrpAz+iMyvIT4sDRFbL+U1g8qmOCZqRNC1Pi1HZfZ1kl6kvrcQ==}
    engines: {node: ^20.19.0 || ^22.12.0 || >=24.0.0}
    peerDependencies:
      '@angular/animations': 21.2.4
      '@angular/common': 21.2.4
      '@angular/core': 21.2.4
    peerDependenciesMeta:
      '@angular/animations':
        optional: true

  '@standard-schema/spec@1.1.0':
    resolution: {integrity: sha512-l2aFy5jALhniG5HgqrD6jXLi/rUWrKvqN/qJx6yoJsgKhblVd+iqqU4RCXavm/jPityDo5TCvKMnpjKnOriy0w==}

  entities@6.0.1:
    resolution: {integrity: sha512-aN97NXWF6AWBTahfVOIrB/NShkzi5H7F9r1s9mD3cDj4Ko5f2qhhVoYMibXF7GlLveb/D2ioWay8lxI97Ven3g==}
    engines: {node: '>=0.12'}

  parse5@8.0.0:
    resolution: {integrity: sha512-9m4m5GSgXjL4AjumKzq1Fgfp3Z8rsvjRNbnkVwfu2ImRqE5D0LnY2QfDen18FSY9C573YU5XxSapdHZTZ2WolA==}

  rxjs@7.8.2:
    resolution: {integrity: sha512-dhKf903U/PQZY6boNNtAGdWbG85WAbjT/1xYoZIC7FAY0yWapOBQVsVrDl58W86//e1VpMNBtRV4MaXfdMySFA==}

  tslib@2.8.1:
    resolution: {integrity: sha512-oJFu94HQb+KVduSUQL7wnpmqnfmLsOA/nAh6b6EH0wCEoK0/mPeXU6c3wKDV83MkOuHPRHtSXKKU99IBazS/2w==}

snapshots:

  '@angular/cdk@21.2.2(@angular/common@21.2.4(@angular/core@21.2.4(rxjs@7.8.2))(rxjs@7.8.2))(@angular/core@21.2.4(rxjs@7.8.2))(@angular/platform-browser@21.2.4(@angular/common@21.2.4(@angular/core@21.2.4(rxjs@7.8.2))(rxjs@7.8.2))(@angular/core@21.2.4(rxjs@7.8.2)))(rxjs@7.8.2)':
    dependencies:
      '@angular/common': 21.2.4(@angular/core@21.2.4(rxjs@7.8.2))(rxjs@7.8.2)
      '@angular/core': 21.2.4(rxjs@7.8.2)
      '@angular/platform-browser': 21.2.4(@angular/common@21.2.4(@angular/core@21.2.4(rxjs@7.8.2))(rxjs@7.8.2))(@angular/core@21.2.4(rxjs@7.8.2))
      parse5: 8.0.0
      rxjs: 7.8.2
      tslib: 2.8.1

  '@angular/common@21.2.4(@angular/core@21.2.4(rxjs@7.8.2))(rxjs@7.8.2)':
    dependencies:
      '@angular/core': 21.2.4(rxjs@7.8.2)
      rxjs: 7.8.2
      tslib: 2.8.1

  '@angular/core@21.2.4(rxjs@7.8.2)':
    dependencies:
      rxjs: 7.8.2
      tslib: 2.8.1

  '@angular/forms@21.2.4(@angular/common@21.2.4(@angular/core@21.2.4(rxjs@7.8.2))(rxjs@7.8.2))(@angular/core@21.2.4(rxjs@7.8.2))(@angular/platform-browser@21.2.4(@angular/common@21.2.4(@angular/core@21.2.4(rxjs@7.8.2))(rxjs@7.8.2))(@angular/core@21.2.4(rxjs@7.8.2)))(rxjs@7.8.2)':
    dependencies:
      '@angular/common': 21.2.4(@angular/core@21.2.4(rxjs@7.8.2))(rxjs@7.8.2)
      '@angular/core': 21.2.4(rxjs@7.8.2)
      '@angular/platform-browser': 21.2.4(@angular/common@21.2.4(@angular/core@21.2.4(rxjs@7.8.2))(rxjs@7.8.2))(@angular/core@21.2.4(rxjs@7.8.2))
      '@standard-schema/spec': 1.1.0
      rxjs: 7.8.2
      tslib: 2.8.1

  '@angular/material@21.2.2(@angular/cdk@21.2.2(@angular/common@21.2.4(@angular/core@21.2.4(rxjs@7.8.2))(rxjs@7.8.2))(@angular/core@21.2.4(rxjs@7.8.2))(@angular/platform-browser@21.2.4(@angular/common@21.2.4(@angular/core@21.2.4(rxjs@7.8.2))(rxjs@7.8.2))(@angular/core@21.2.4(rxjs@7.8.2)))(rxjs@7.8.2))(@angular/common@21.2.4(@angular/core@21.2.4(rxjs@7.8.2))(rxjs@7.8.2))(@angular/core@21.2.4(rxjs@7.8.2))(@angular/forms@21.2.4(@angular/common@21.2.4(@angular/core@21.2.4(rxjs@7.8.2))(rxjs@7.8.2))(@angular/core@21.2.4(rxjs@7.8.2))(@angular/platform-browser@21.2.4(@angular/common@21.2.4(@angular/core@21.2.4(rxjs@7.8.2))(rxjs@7.8.2))(@angular/core@21.2.4(rxjs@7.8.2)))(rxjs@7.8.2))(@angular/platform-browser@21.2.4(@angular/common@21.2.4(@angular/core@21.2.4(rxjs@7.8.2))(rxjs@7.8.2))(@angular/core@21.2.4(rxjs@7.8.2)))(rxjs@7.8.2)':
    dependencies:
      '@angular/cdk': 21.2.2(@angular/common@21.2.4(@angular/core@21.2.4(rxjs@7.8.2))(rxjs@7.8.2))(@angular/core@21.2.4(rxjs@7.8.2))(@angular/platform-browser@21.2.4(@angular/common@21.2.4(@angular/core@21.2.4(rxjs@7.8.2))(rxjs@7.8.2))(@angular/core@21.2.4(rxjs@7.8.2)))(rxjs@7.8.2)
      '@angular/common': 21.2.4(@angular/core@21.2.4(rxjs@7.8.2))(rxjs@7.8.2)
      '@angular/core': 21.2.4(rxjs@7.8.2)
      '@angular/forms': 21.2.4(@angular/common@21.2.4(@angular/core@21.2.4(rxjs@7.8.2))(rxjs@7.8.2))(@angular/core@21.2.4(rxjs@7.8.2))(@angular/platform-browser@21.2.4(@angular/common@21.2.4(@angular/core@21.2.4(rxjs@7.8.2))(rxjs@7.8.2))(@angular/core@21.2.4(rxjs@7.8.2)))(rxjs@7.8.2)
      '@angular/platform-browser': 21.2.4(@angular/common@21.2.4(@angular/core@21.2.4(rxjs@7.8.2))(rxjs@7.8.2))(@angular/core@21.2.4(rxjs@7.8.2))
      rxjs: 7.8.2
      tslib: 2.8.1

  '@angular/platform-browser@21.2.4(@angular/common@21.2.4(@angular/core@21.2.4(rxjs@7.8.2))(rxjs@7.8.2))(@angular/core@21.2.4(rxjs@7.8.2))':
    dependencies:
      '@angular/common': 21.2.4(@angular/core@21.2.4(rxjs@7.8.2))(rxjs@7.8.2)
      '@angular/core': 21.2.4(rxjs@7.8.2)
      tslib: 2.8.1

  '@standard-schema/spec@1.1.0': {}

  entities@6.0.1: {}

  parse5@8.0.0:
    dependencies:
      entities: 6.0.1

  rxjs@7.8.2:
    dependencies:
      tslib: 2.8.1

  tslib@2.8.1: {}
